// !$*UTF8*$!
{
	archiveVersion = 1;
	classes = {
	};
	objectVersion = 56;
	objects = {

/* Begin PBXBuildFile section */
		843DFF66293B687500D6F5A4 /* SFPRODISPLAYBLACKITALIC.OTF in Resources */ = {isa = PBXBuildFile; fileRef = 843DFF5D293B687400D6F5A4 /* SFPRODISPLAYBLACKITALIC.OTF */; };
		843DFF67293B687500D6F5A4 /* SFPRODISPLAYLIGHTITALIC.OTF in Resources */ = {isa = PBXBuildFile; fileRef = 843DFF5E293B687400D6F5A4 /* SFPRODISPLAYLIGHTITALIC.OTF */; };
		843DFF68293B687500D6F5A4 /* SFPRODISPLAYSEMIBOLDITALIC.OTF in Resources */ = {isa = PBXBuildFile; fileRef = 843DFF5F293B687400D6F5A4 /* SFPRODISPLAYSEMIBOLDITALIC.OTF */; };
		843DFF69293B687500D6F5A4 /* SFPRODISPLAYULTRALIGHTITALIC.OTF in Resources */ = {isa = PBXBuildFile; fileRef = 843DFF60293B687400D6F5A4 /* SFPRODISPLAYULTRALIGHTITALIC.OTF */; };
		843DFF6A293B687500D6F5A4 /* SFPRODISPLAYBOLD.OTF in Resources */ = {isa = PBXBuildFile; fileRef = 843DFF61293B687400D6F5A4 /* SFPRODISPLAYBOLD.OTF */; };
		843DFF6B293B687500D6F5A4 /* SFPRODISPLAYMEDIUM.OTF in Resources */ = {isa = PBXBuildFile; fileRef = 843DFF62293B687400D6F5A4 /* SFPRODISPLAYMEDIUM.OTF */; };
		843DFF6C293B687500D6F5A4 /* SFPRODISPLAYHEAVYITALIC.OTF in Resources */ = {isa = PBXBuildFile; fileRef = 843DFF63293B687500D6F5A4 /* SFPRODISPLAYHEAVYITALIC.OTF */; };
		843DFF6D293B687500D6F5A4 /* SFPRODISPLAYREGULAR.OTF in Resources */ = {isa = PBXBuildFile; fileRef = 843DFF64293B687500D6F5A4 /* SFPRODISPLAYREGULAR.OTF */; };
		843DFF6E293B687500D6F5A4 /* SFPRODISPLAYTHINITALIC.OTF in Resources */ = {isa = PBXBuildFile; fileRef = 843DFF65293B687500D6F5A4 /* SFPRODISPLAYTHINITALIC.OTF */; };
		8447DA74293A1DB200C38E8D /* HomePictureViewTableViewCell.swift in Sources */ = {isa = PBXBuildFile; fileRef = 8447DA73293A1DB200C38E8D /* HomePictureViewTableViewCell.swift */; };
		8447DA76293A237D00C38E8D /* TopSearchCollectionViewTableViewCell.swift in Sources */ = {isa = PBXBuildFile; fileRef = 8447DA75293A237D00C38E8D /* TopSearchCollectionViewTableViewCell.swift */; };
		8447DA7A293A3C2C00C38E8D /* HomeSearchBarTableViewCell.swift in Sources */ = {isa = PBXBuildFile; fileRef = 8447DA79293A3C2C00C38E8D /* HomeSearchBarTableViewCell.swift */; };
		8447DA7F293ABAB500C38E8D /* AllCoursesCollectionViewTableViewCell.swift in Sources */ = {isa = PBXBuildFile; fileRef = 8447DA7E293ABAB500C38E8D /* AllCoursesCollectionViewTableViewCell.swift */; };
		8447DA81293ABCBE00C38E8D /* AllCoursesCollectionViewCell.swift in Sources */ = {isa = PBXBuildFile; fileRef = 8447DA80293ABCBE00C38E8D /* AllCoursesCollectionViewCell.swift */; };
		8447DA84293ABD3300C38E8D /* CoursesCollectionViewCellModel.swift in Sources */ = {isa = PBXBuildFile; fileRef = 8447DA83293ABD3300C38E8D /* CoursesCollectionViewCellModel.swift */; };
		8447DA86293AC67A00C38E8D /* CoursesCategoriesCollectionViewTableViewCell.swift in Sources */ = {isa = PBXBuildFile; fileRef = 8447DA85293AC67A00C38E8D /* CoursesCategoriesCollectionViewTableViewCell.swift */; };
		8447DA88293AC6ED00C38E8D /* CoursesCategoriesCollectionViewCell.swift in Sources */ = {isa = PBXBuildFile; fileRef = 8447DA87293AC6ED00C38E8D /* CoursesCategoriesCollectionViewCell.swift */; };
		8483B541293DF10500E9C5AA /* TrendingCoursesCollectionViewCell.swift in Sources */ = {isa = PBXBuildFile; fileRef = 8483B540293DF10500E9C5AA /* TrendingCoursesCollectionViewCell.swift */; };
		8483B543293E5ED600E9C5AA /* TrendingCoursesCollectionViewTableViewCell.swift in Sources */ = {isa = PBXBuildFile; fileRef = 8483B542293E5ED600E9C5AA /* TrendingCoursesCollectionViewTableViewCell.swift */; };
		8483B545293FF52F00E9C5AA /* DesignCoursesCollectionViewTableViewCell.swift in Sources */ = {isa = PBXBuildFile; fileRef = 8483B544293FF52F00E9C5AA /* DesignCoursesCollectionViewTableViewCell.swift */; };
		8483B547293FF55900E9C5AA /* DesignCoursesCollectionViewCell.swift in Sources */ = {isa = PBXBuildFile; fileRef = 8483B546293FF55900E9C5AA /* DesignCoursesCollectionViewCell.swift */; };
		8483B54A2940914900E9C5AA /* DevelopmentCoursesCollectionViewTableViewCell.swift in Sources */ = {isa = PBXBuildFile; fileRef = 8483B5492940914900E9C5AA /* DevelopmentCoursesCollectionViewTableViewCell.swift */; };
		8483B54C2940916700E9C5AA /* DevelopmentCoursesCollectionViewCell.swift in Sources */ = {isa = PBXBuildFile; fileRef = 8483B54B2940916700E9C5AA /* DevelopmentCoursesCollectionViewCell.swift */; };
		8483B54F2940F88900E9C5AA /* SearchPictureViewTableViewCell.swift in Sources */ = {isa = PBXBuildFile; fileRef = 8483B54E2940F88900E9C5AA /* SearchPictureViewTableViewCell.swift */; };
		84F8C35029360E4A00AAE13F /* AppDelegate.swift in Sources */ = {isa = PBXBuildFile; fileRef = 84F8C34F29360E4A00AAE13F /* AppDelegate.swift */; };
		84F8C35229360E4A00AAE13F /* SceneDelegate.swift in Sources */ = {isa = PBXBuildFile; fileRef = 84F8C35129360E4A00AAE13F /* SceneDelegate.swift */; };
		84F8C35429360E4A00AAE13F /* MainTabBarViewController.swift in Sources */ = {isa = PBXBuildFile; fileRef = 84F8C35329360E4A00AAE13F /* MainTabBarViewController.swift */; };
		84F8C35A29360E4A00AAE13F /* GrappleSpace.xcdatamodeld in Sources */ = {isa = PBXBuildFile; fileRef = 84F8C35829360E4A00AAE13F /* GrappleSpace.xcdatamodeld */; };
		84F8C35C29360E4B00AAE13F /* Assets.xcassets in Resources */ = {isa = PBXBuildFile; fileRef = 84F8C35B29360E4B00AAE13F /* Assets.xcassets */; };
		84F8C35F29360E4B00AAE13F /* LaunchScreen.storyboard in Resources */ = {isa = PBXBuildFile; fileRef = 84F8C35D29360E4B00AAE13F /* LaunchScreen.storyboard */; };
		84F8C36B293631C300AAE13F /* HomeViewController.swift in Sources */ = {isa = PBXBuildFile; fileRef = 84F8C36A293631C300AAE13F /* HomeViewController.swift */; };
		84F8C36D293631D300AAE13F /* CourseViewController.swift in Sources */ = {isa = PBXBuildFile; fileRef = 84F8C36C293631D300AAE13F /* CourseViewController.swift */; };
		84F8C36F293631E200AAE13F /* SearchViewController.swift in Sources */ = {isa = PBXBuildFile; fileRef = 84F8C36E293631E200AAE13F /* SearchViewController.swift */; };
		84F8C371293631F500AAE13F /* ProfileViewController.swift in Sources */ = {isa = PBXBuildFile; fileRef = 84F8C370293631F500AAE13F /* ProfileViewController.swift */; };
		84F8C37529364FFE00AAE13F /* HomeCourseCollectionViewTableViewCell.swift in Sources */ = {isa = PBXBuildFile; fileRef = 84F8C37429364FFE00AAE13F /* HomeCourseCollectionViewTableViewCell.swift */; };
		84F8C37729366C8B00AAE13F /* HomeCourseCollectionViewCell.swift in Sources */ = {isa = PBXBuildFile; fileRef = 84F8C37629366C8B00AAE13F /* HomeCourseCollectionViewCell.swift */; };
		84F8C3792936A1E000AAE13F /* HomeCollectionViewCellModel.swift in Sources */ = {isa = PBXBuildFile; fileRef = 84F8C3782936A1E000AAE13F /* HomeCollectionViewCellModel.swift */; };
		84F8C37D2937715100AAE13F /* TopSearchCollectionViewCell.swift in Sources */ = {isa = PBXBuildFile; fileRef = 84F8C37C2937715100AAE13F /* TopSearchCollectionViewCell.swift */; };
/* End PBXBuildFile section */

/* Begin PBXFileReference section */
		843DFF5D293B687400D6F5A4 /* SFPRODISPLAYBLACKITALIC.OTF */ = {isa = PBXFileReference; lastKnownFileType = file; path = SFPRODISPLAYBLACKITALIC.OTF; sourceTree = "<group>"; };
		843DFF5E293B687400D6F5A4 /* SFPRODISPLAYLIGHTITALIC.OTF */ = {isa = PBXFileReference; lastKnownFileType = file; path = SFPRODISPLAYLIGHTITALIC.OTF; sourceTree = "<group>"; };
		843DFF5F293B687400D6F5A4 /* SFPRODISPLAYSEMIBOLDITALIC.OTF */ = {isa = PBXFileReference; lastKnownFileType = file; path = SFPRODISPLAYSEMIBOLDITALIC.OTF; sourceTree = "<group>"; };
		843DFF60293B687400D6F5A4 /* SFPRODISPLAYULTRALIGHTITALIC.OTF */ = {isa = PBXFileReference; lastKnownFileType = file; path = SFPRODISPLAYULTRALIGHTITALIC.OTF; sourceTree = "<group>"; };
		843DFF61293B687400D6F5A4 /* SFPRODISPLAYBOLD.OTF */ = {isa = PBXFileReference; lastKnownFileType = file; path = SFPRODISPLAYBOLD.OTF; sourceTree = "<group>"; };
		843DFF62293B687400D6F5A4 /* SFPRODISPLAYMEDIUM.OTF */ = {isa = PBXFileReference; lastKnownFileType = file; path = SFPRODISPLAYMEDIUM.OTF; sourceTree = "<group>"; };
		843DFF63293B687500D6F5A4 /* SFPRODISPLAYHEAVYITALIC.OTF */ = {isa = PBXFileReference; lastKnownFileType = file; path = SFPRODISPLAYHEAVYITALIC.OTF; sourceTree = "<group>"; };
		843DFF64293B687500D6F5A4 /* SFPRODISPLAYREGULAR.OTF */ = {isa = PBXFileReference; lastKnownFileType = file; path = SFPRODISPLAYREGULAR.OTF; sourceTree = "<group>"; };
		843DFF65293B687500D6F5A4 /* SFPRODISPLAYTHINITALIC.OTF */ = {isa = PBXFileReference; lastKnownFileType = file; path = SFPRODISPLAYTHINITALIC.OTF; sourceTree = "<group>"; };
		8447DA73293A1DB200C38E8D /* HomePictureViewTableViewCell.swift */ = {isa = PBXFileReference; lastKnownFileType = sourcecode.swift; path = HomePictureViewTableViewCell.swift; sourceTree = "<group>"; };
		8447DA75293A237D00C38E8D /* TopSearchCollectionViewTableViewCell.swift */ = {isa = PBXFileReference; lastKnownFileType = sourcecode.swift; path = TopSearchCollectionViewTableViewCell.swift; sourceTree = "<group>"; };
		8447DA79293A3C2C00C38E8D /* HomeSearchBarTableViewCell.swift */ = {isa = PBXFileReference; lastKnownFileType = sourcecode.swift; path = HomeSearchBarTableViewCell.swift; sourceTree = "<group>"; };
		8447DA7E293ABAB500C38E8D /* AllCoursesCollectionViewTableViewCell.swift */ = {isa = PBXFileReference; lastKnownFileType = sourcecode.swift; path = AllCoursesCollectionViewTableViewCell.swift; sourceTree = "<group>"; };
		8447DA80293ABCBE00C38E8D /* AllCoursesCollectionViewCell.swift */ = {isa = PBXFileReference; lastKnownFileType = sourcecode.swift; path = AllCoursesCollectionViewCell.swift; sourceTree = "<group>"; };
		8447DA83293ABD3300C38E8D /* CoursesCollectionViewCellModel.swift */ = {isa = PBXFileReference; lastKnownFileType = sourcecode.swift; path = CoursesCollectionViewCellModel.swift; sourceTree = "<group>"; };
		8447DA85293AC67A00C38E8D /* CoursesCategoriesCollectionViewTableViewCell.swift */ = {isa = PBXFileReference; lastKnownFileType = sourcecode.swift; path = CoursesCategoriesCollectionViewTableViewCell.swift; sourceTree = "<group>"; };
		8447DA87293AC6ED00C38E8D /* CoursesCategoriesCollectionViewCell.swift */ = {isa = PBXFileReference; lastKnownFileType = sourcecode.swift; path = CoursesCategoriesCollectionViewCell.swift; sourceTree = "<group>"; };
		8483B540293DF10500E9C5AA /* TrendingCoursesCollectionViewCell.swift */ = {isa = PBXFileReference; lastKnownFileType = sourcecode.swift; path = TrendingCoursesCollectionViewCell.swift; sourceTree = "<group>"; };
		8483B542293E5ED600E9C5AA /* TrendingCoursesCollectionViewTableViewCell.swift */ = {isa = PBXFileReference; lastKnownFileType = sourcecode.swift; path = TrendingCoursesCollectionViewTableViewCell.swift; sourceTree = "<group>"; };
		8483B544293FF52F00E9C5AA /* DesignCoursesCollectionViewTableViewCell.swift */ = {isa = PBXFileReference; lastKnownFileType = sourcecode.swift; path = DesignCoursesCollectionViewTableViewCell.swift; sourceTree = "<group>"; };
		8483B546293FF55900E9C5AA /* DesignCoursesCollectionViewCell.swift */ = {isa = PBXFileReference; lastKnownFileType = sourcecode.swift; path = DesignCoursesCollectionViewCell.swift; sourceTree = "<group>"; };
		8483B5492940914900E9C5AA /* DevelopmentCoursesCollectionViewTableViewCell.swift */ = {isa = PBXFileReference; lastKnownFileType = sourcecode.swift; path = DevelopmentCoursesCollectionViewTableViewCell.swift; sourceTree = "<group>"; };
		8483B54B2940916700E9C5AA /* DevelopmentCoursesCollectionViewCell.swift */ = {isa = PBXFileReference; lastKnownFileType = sourcecode.swift; path = DevelopmentCoursesCollectionViewCell.swift; sourceTree = "<group>"; };
		8483B54E2940F88900E9C5AA /* SearchPictureViewTableViewCell.swift */ = {isa = PBXFileReference; lastKnownFileType = sourcecode.swift; path = SearchPictureViewTableViewCell.swift; sourceTree = "<group>"; };
		84F8C34C29360E4A00AAE13F /* GrappleSpace.app */ = {isa = PBXFileReference; explicitFileType = wrapper.application; includeInIndex = 0; path = GrappleSpace.app; sourceTree = BUILT_PRODUCTS_DIR; };
		84F8C34F29360E4A00AAE13F /* AppDelegate.swift */ = {isa = PBXFileReference; lastKnownFileType = sourcecode.swift; path = AppDelegate.swift; sourceTree = "<group>"; };
		84F8C35129360E4A00AAE13F /* SceneDelegate.swift */ = {isa = PBXFileReference; lastKnownFileType = sourcecode.swift; path = SceneDelegate.swift; sourceTree = "<group>"; };
		84F8C35329360E4A00AAE13F /* MainTabBarViewController.swift */ = {isa = PBXFileReference; lastKnownFileType = sourcecode.swift; path = MainTabBarViewController.swift; sourceTree = "<group>"; };
		84F8C35929360E4A00AAE13F /* GrappleSpace.xcdatamodel */ = {isa = PBXFileReference; lastKnownFileType = wrapper.xcdatamodel; path = GrappleSpace.xcdatamodel; sourceTree = "<group>"; };
		84F8C35B29360E4B00AAE13F /* Assets.xcassets */ = {isa = PBXFileReference; lastKnownFileType = folder.assetcatalog; path = Assets.xcassets; sourceTree = "<group>"; };
		84F8C35E29360E4B00AAE13F /* Base */ = {isa = PBXFileReference; lastKnownFileType = file.storyboard; name = Base; path = Base.lproj/LaunchScreen.storyboard; sourceTree = "<group>"; };
		84F8C36029360E4B00AAE13F /* Info.plist */ = {isa = PBXFileReference; lastKnownFileType = text.plist.xml; path = Info.plist; sourceTree = "<group>"; };
		84F8C36A293631C300AAE13F /* HomeViewController.swift */ = {isa = PBXFileReference; lastKnownFileType = sourcecode.swift; path = HomeViewController.swift; sourceTree = "<group>"; };
		84F8C36C293631D300AAE13F /* CourseViewController.swift */ = {isa = PBXFileReference; lastKnownFileType = sourcecode.swift; path = CourseViewController.swift; sourceTree = "<group>"; };
		84F8C36E293631E200AAE13F /* SearchViewController.swift */ = {isa = PBXFileReference; lastKnownFileType = sourcecode.swift; path = SearchViewController.swift; sourceTree = "<group>"; };
		84F8C370293631F500AAE13F /* ProfileViewController.swift */ = {isa = PBXFileReference; lastKnownFileType = sourcecode.swift; path = ProfileViewController.swift; sourceTree = "<group>"; };
		84F8C37429364FFE00AAE13F /* HomeCourseCollectionViewTableViewCell.swift */ = {isa = PBXFileReference; lastKnownFileType = sourcecode.swift; path = HomeCourseCollectionViewTableViewCell.swift; sourceTree = "<group>"; };
		84F8C37629366C8B00AAE13F /* HomeCourseCollectionViewCell.swift */ = {isa = PBXFileReference; lastKnownFileType = sourcecode.swift; path = HomeCourseCollectionViewCell.swift; sourceTree = "<group>"; };
		84F8C3782936A1E000AAE13F /* HomeCollectionViewCellModel.swift */ = {isa = PBXFileReference; lastKnownFileType = sourcecode.swift; path = HomeCollectionViewCellModel.swift; sourceTree = "<group>"; };
		84F8C37C2937715100AAE13F /* TopSearchCollectionViewCell.swift */ = {isa = PBXFileReference; lastKnownFileType = sourcecode.swift; path = TopSearchCollectionViewCell.swift; sourceTree = "<group>"; };
/* End PBXFileReference section */

/* Begin PBXFrameworksBuildPhase section */
		84F8C34929360E4900AAE13F /* Frameworks */ = {
			isa = PBXFrameworksBuildPhase;
			buildActionMask = 2147483647;
			files = (
			);
			runOnlyForDeploymentPostprocessing = 0;
		};
/* End PBXFrameworksBuildPhase section */

/* Begin PBXGroup section */
		843DFF5C293B67D200D6F5A4 /* Fonts */ = {
			isa = PBXGroup;
			children = (
				843DFF5D293B687400D6F5A4 /* SFPRODISPLAYBLACKITALIC.OTF */,
				843DFF61293B687400D6F5A4 /* SFPRODISPLAYBOLD.OTF */,
				843DFF63293B687500D6F5A4 /* SFPRODISPLAYHEAVYITALIC.OTF */,
				843DFF5E293B687400D6F5A4 /* SFPRODISPLAYLIGHTITALIC.OTF */,
				843DFF62293B687400D6F5A4 /* SFPRODISPLAYMEDIUM.OTF */,
				843DFF64293B687500D6F5A4 /* SFPRODISPLAYREGULAR.OTF */,
				843DFF5F293B687400D6F5A4 /* SFPRODISPLAYSEMIBOLDITALIC.OTF */,
				843DFF65293B687500D6F5A4 /* SFPRODISPLAYTHINITALIC.OTF */,
				843DFF60293B687400D6F5A4 /* SFPRODISPLAYULTRALIGHTITALIC.OTF */,
			);
			path = Fonts;
			sourceTree = "<group>";
		};
		8447DA7B293AB8C200C38E8D /* HomeVCViews */ = {
			isa = PBXGroup;
			children = (
				8447DA73293A1DB200C38E8D /* HomePictureViewTableViewCell.swift */,
				8447DA79293A3C2C00C38E8D /* HomeSearchBarTableViewCell.swift */,
				8447DA75293A237D00C38E8D /* TopSearchCollectionViewTableViewCell.swift */,
				84F8C37C2937715100AAE13F /* TopSearchCollectionViewCell.swift */,
				84F8C37429364FFE00AAE13F /* HomeCourseCollectionViewTableViewCell.swift */,
				84F8C37629366C8B00AAE13F /* HomeCourseCollectionViewCell.swift */,
			);
			path = HomeVCViews;
			sourceTree = "<group>";
		};
		8447DA7C293AB8E600C38E8D /* CoursesVCViews */ = {
			isa = PBXGroup;
			children = (
				8447DA85293AC67A00C38E8D /* CoursesCategoriesCollectionViewTableViewCell.swift */,
				8447DA87293AC6ED00C38E8D /* CoursesCategoriesCollectionViewCell.swift */,
				8447DA7E293ABAB500C38E8D /* AllCoursesCollectionViewTableViewCell.swift */,
				8447DA80293ABCBE00C38E8D /* AllCoursesCollectionViewCell.swift */,
				8483B542293E5ED600E9C5AA /* TrendingCoursesCollectionViewTableViewCell.swift */,
				8483B540293DF10500E9C5AA /* TrendingCoursesCollectionViewCell.swift */,
				8483B544293FF52F00E9C5AA /* DesignCoursesCollectionViewTableViewCell.swift */,
				8483B546293FF55900E9C5AA /* DesignCoursesCollectionViewCell.swift */,
				8483B5492940914900E9C5AA /* DevelopmentCoursesCollectionViewTableViewCell.swift */,
				8483B54B2940916700E9C5AA /* DevelopmentCoursesCollectionViewCell.swift */,
			);
			path = CoursesVCViews;
			sourceTree = "<group>";
		};
		8447DA7D293AB9FD00C38E8D /* HomeViewViewModels */ = {
			isa = PBXGroup;
			children = (
				84F8C3782936A1E000AAE13F /* HomeCollectionViewCellModel.swift */,
			);
			path = HomeViewViewModels;
			sourceTree = "<group>";
		};
		8447DA82293ABD0000C38E8D /* CoursesViewViewModels */ = {
			isa = PBXGroup;
			children = (
				8447DA83293ABD3300C38E8D /* CoursesCollectionViewCellModel.swift */,
			);
			path = CoursesViewViewModels;
			sourceTree = "<group>";
		};
		8483B54829408FD000E9C5AA /* MainTabBarViewControllers */ = {
			isa = PBXGroup;
			children = (
				84F8C36A293631C300AAE13F /* HomeViewController.swift */,
				84F8C36C293631D300AAE13F /* CourseViewController.swift */,
				84F8C36E293631E200AAE13F /* SearchViewController.swift */,
				84F8C370293631F500AAE13F /* ProfileViewController.swift */,
			);
			path = MainTabBarViewControllers;
			sourceTree = "<group>";
		};
		8483B54D2940BF9000E9C5AA /* SearchVCViews */ = {
			isa = PBXGroup;
			children = (
				8483B54E2940F88900E9C5AA /* SearchPictureViewTableViewCell.swift */,
			);
			path = SearchVCViews;
			sourceTree = "<group>";
		};
		84F8C34329360E4900AAE13F = {
			isa = PBXGroup;
			children = (
				84F8C34E29360E4A00AAE13F /* GrappleSpace */,
				84F8C34D29360E4A00AAE13F /* Products */,
			);
			sourceTree = "<group>";
		};
		84F8C34D29360E4A00AAE13F /* Products */ = {
			isa = PBXGroup;
			children = (
				84F8C34C29360E4A00AAE13F /* GrappleSpace.app */,
			);
			name = Products;
			sourceTree = "<group>";
		};
		84F8C34E29360E4A00AAE13F /* GrappleSpace */ = {
			isa = PBXGroup;
			children = (
				843DFF5C293B67D200D6F5A4 /* Fonts */,
				84F8C37329364FC700AAE13F /* Resources  */,
				84F8C37229364FBC00AAE13F /* Managers */,
				84F8C3672936289400AAE13F /* Models */,
				84F8C369293628A800AAE13F /* Views */,
				8483B54D2940BF9000E9C5AA /* SearchVCViews */,
				84F8C3682936289D00AAE13F /* ViewModels */,
				84F8C3662936288200AAE13F /* Controllers */,
				84F8C35329360E4A00AAE13F /* MainTabBarViewController.swift */,
				84F8C34F29360E4A00AAE13F /* AppDelegate.swift */,
				84F8C35129360E4A00AAE13F /* SceneDelegate.swift */,
				84F8C35B29360E4B00AAE13F /* Assets.xcassets */,
				84F8C35D29360E4B00AAE13F /* LaunchScreen.storyboard */,
				84F8C36029360E4B00AAE13F /* Info.plist */,
				84F8C35829360E4A00AAE13F /* GrappleSpace.xcdatamodeld */,
			);
			path = GrappleSpace;
			sourceTree = "<group>";
		};
		84F8C3662936288200AAE13F /* Controllers */ = {
			isa = PBXGroup;
			children = (
				8483B54829408FD000E9C5AA /* MainTabBarViewControllers */,
			);
			path = Controllers;
			sourceTree = "<group>";
		};
		84F8C3672936289400AAE13F /* Models */ = {
			isa = PBXGroup;
			children = (
			);
			path = Models;
			sourceTree = "<group>";
		};
		84F8C3682936289D00AAE13F /* ViewModels */ = {
			isa = PBXGroup;
			children = (
				8447DA7D293AB9FD00C38E8D /* HomeViewViewModels */,
				8447DA82293ABD0000C38E8D /* CoursesViewViewModels */,
			);
			path = ViewModels;
			sourceTree = "<group>";
		};
		84F8C369293628A800AAE13F /* Views */ = {
			isa = PBXGroup;
			children = (
				8447DA7B293AB8C200C38E8D /* HomeVCViews */,
				8447DA7C293AB8E600C38E8D /* CoursesVCViews */,
			);
			path = Views;
			sourceTree = "<group>";
		};
		84F8C37229364FBC00AAE13F /* Managers */ = {
			isa = PBXGroup;
			children = (
			);
			path = Managers;
			sourceTree = "<group>";
		};
		84F8C37329364FC700AAE13F /* Resources  */ = {
			isa = PBXGroup;
			children = (
			);
			path = "Resources ";
			sourceTree = "<group>";
		};
/* End PBXGroup section */

/* Begin PBXNativeTarget section */
		84F8C34B29360E4900AAE13F /* GrappleSpace */ = {
			isa = PBXNativeTarget;
			buildConfigurationList = 84F8C36329360E4B00AAE13F /* Build configuration list for PBXNativeTarget "GrappleSpace" */;
			buildPhases = (
				84F8C34829360E4900AAE13F /* Sources */,
				84F8C34929360E4900AAE13F /* Frameworks */,
				84F8C34A29360E4900AAE13F /* Resources */,
			);
			buildRules = (
			);
			dependencies = (
			);
			name = GrappleSpace;
			productName = GrappleSpace;
			productReference = 84F8C34C29360E4A00AAE13F /* GrappleSpace.app */;
			productType = "com.apple.product-type.application";
		};
/* End PBXNativeTarget section */

/* Begin PBXProject section */
		84F8C34429360E4900AAE13F /* Project object */ = {
			isa = PBXProject;
			attributes = {
				BuildIndependentTargetsInParallel = 1;
				LastSwiftUpdateCheck = 1410;
				LastUpgradeCheck = 1410;
				TargetAttributes = {
					84F8C34B29360E4900AAE13F = {
						CreatedOnToolsVersion = 14.1;
					};
				};
			};
			buildConfigurationList = 84F8C34729360E4900AAE13F /* Build configuration list for PBXProject "GrappleSpace" */;
			compatibilityVersion = "Xcode 14.0";
			developmentRegion = en;
			hasScannedForEncodings = 0;
			knownRegions = (
				en,
				Base,
			);
			mainGroup = 84F8C34329360E4900AAE13F;
			productRefGroup = 84F8C34D29360E4A00AAE13F /* Products */;
			projectDirPath = "";
			projectRoot = "";
			targets = (
				84F8C34B29360E4900AAE13F /* GrappleSpace */,
			);
		};
/* End PBXProject section */

/* Begin PBXResourcesBuildPhase section */
		84F8C34A29360E4900AAE13F /* Resources */ = {
			isa = PBXResourcesBuildPhase;
			buildActionMask = 2147483647;
			files = (
				843DFF6C293B687500D6F5A4 /* SFPRODISPLAYHEAVYITALIC.OTF in Resources */,
				843DFF67293B687500D6F5A4 /* SFPRODISPLAYLIGHTITALIC.OTF in Resources */,
				843DFF68293B687500D6F5A4 /* SFPRODISPLAYSEMIBOLDITALIC.OTF in Resources */,
				843DFF69293B687500D6F5A4 /* SFPRODISPLAYULTRALIGHTITALIC.OTF in Resources */,
				84F8C35F29360E4B00AAE13F /* LaunchScreen.storyboard in Resources */,
				843DFF66293B687500D6F5A4 /* SFPRODISPLAYBLACKITALIC.OTF in Resources */,
				843DFF6A293B687500D6F5A4 /* SFPRODISPLAYBOLD.OTF in Resources */,
				843DFF6B293B687500D6F5A4 /* SFPRODISPLAYMEDIUM.OTF in Resources */,
				843DFF6D293B687500D6F5A4 /* SFPRODISPLAYREGULAR.OTF in Resources */,
				84F8C35C29360E4B00AAE13F /* Assets.xcassets in Resources */,
				843DFF6E293B687500D6F5A4 /* SFPRODISPLAYTHINITALIC.OTF in Resources */,
			);
			runOnlyForDeploymentPostprocessing = 0;
		};
/* End PBXResourcesBuildPhase section */

/* Begin PBXSourcesBuildPhase section */
		84F8C34829360E4900AAE13F /* Sources */ = {
			isa = PBXSourcesBuildPhase;
			buildActionMask = 2147483647;
			files = (
				8483B54F2940F88900E9C5AA /* SearchPictureViewTableViewCell.swift in Sources */,
				8447DA81293ABCBE00C38E8D /* AllCoursesCollectionViewCell.swift in Sources */,
				8483B547293FF55900E9C5AA /* DesignCoursesCollectionViewCell.swift in Sources */,
				8447DA76293A237D00C38E8D /* TopSearchCollectionViewTableViewCell.swift in Sources */,
				8483B543293E5ED600E9C5AA /* TrendingCoursesCollectionViewTableViewCell.swift in Sources */,
				8447DA86293AC67A00C38E8D /* CoursesCategoriesCollectionViewTableViewCell.swift in Sources */,
				84F8C36B293631C300AAE13F /* HomeViewController.swift in Sources */,
				8447DA74293A1DB200C38E8D /* HomePictureViewTableViewCell.swift in Sources */,
				8447DA88293AC6ED00C38E8D /* CoursesCategoriesCollectionViewCell.swift in Sources */,
				84F8C36F293631E200AAE13F /* SearchViewController.swift in Sources */,
				8447DA7A293A3C2C00C38E8D /* HomeSearchBarTableViewCell.swift in Sources */,
				8483B54A2940914900E9C5AA /* DevelopmentCoursesCollectionViewTableViewCell.swift in Sources */,
				84F8C35A29360E4A00AAE13F /* GrappleSpace.xcdatamodeld in Sources */,
				84F8C35429360E4A00AAE13F /* MainTabBarViewController.swift in Sources */,
				84F8C37729366C8B00AAE13F /* HomeCourseCollectionViewCell.swift in Sources */,
				84F8C35029360E4A00AAE13F /* AppDelegate.swift in Sources */,
				84F8C35229360E4A00AAE13F /* SceneDelegate.swift in Sources */,
				8447DA84293ABD3300C38E8D /* CoursesCollectionViewCellModel.swift in Sources */,
				8483B54C2940916700E9C5AA /* DevelopmentCoursesCollectionViewCell.swift in Sources */,
				8483B541293DF10500E9C5AA /* TrendingCoursesCollectionViewCell.swift in Sources */,
				84F8C371293631F500AAE13F /* ProfileViewController.swift in Sources */,
				84F8C37D2937715100AAE13F /* TopSearchCollectionViewCell.swift in Sources */,
				84F8C37529364FFE00AAE13F /* HomeCourseCollectionViewTableViewCell.swift in Sources */,
				8447DA7F293ABAB500C38E8D /* AllCoursesCollectionViewTableViewCell.swift in Sources */,
				84F8C3792936A1E000AAE13F /* HomeCollectionViewCellModel.swift in Sources */,
				8483B545293FF52F00E9C5AA /* DesignCoursesCollectionViewTableViewCell.swift in Sources */,
				84F8C36D293631D300AAE13F /* CourseViewController.swift in Sources */,
			);
			runOnlyForDeploymentPostprocessing = 0;
		};
/* End PBXSourcesBuildPhase section */

/* Begin PBXVariantGroup section */
		84F8C35D29360E4B00AAE13F /* LaunchScreen.storyboard */ = {
			isa = PBXVariantGroup;
			children = (
				84F8C35E29360E4B00AAE13F /* Base */,
			);
			name = LaunchScreen.storyboard;
			sourceTree = "<group>";
		};
/* End PBXVariantGroup section */

/* Begin XCBuildConfiguration section */
		84F8C36129360E4B00AAE13F /* Debug */ = {
			isa = XCBuildConfiguration;
			buildSettings = {
				ALWAYS_SEARCH_USER_PATHS = NO;
				CLANG_ANALYZER_NONNULL = YES;
				CLANG_ANALYZER_NUMBER_OBJECT_CONVERSION = YES_AGGRESSIVE;
				CLANG_CXX_LANGUAGE_STANDARD = "gnu++20";
				CLANG_ENABLE_MODULES = YES;
				CLANG_ENABLE_OBJC_ARC = YES;
				CLANG_ENABLE_OBJC_WEAK = YES;
				CLANG_WARN_BLOCK_CAPTURE_AUTORELEASING = YES;
				CLANG_WARN_BOOL_CONVERSION = YES;
				CLANG_WARN_COMMA = YES;
				CLANG_WARN_CONSTANT_CONVERSION = YES;
				CLANG_WARN_DEPRECATED_OBJC_IMPLEMENTATIONS = YES;
				CLANG_WARN_DIRECT_OBJC_ISA_USAGE = YES_ERROR;
				CLANG_WARN_DOCUMENTATION_COMMENTS = YES;
				CLANG_WARN_EMPTY_BODY = YES;
				CLANG_WARN_ENUM_CONVERSION = YES;
				CLANG_WARN_INFINITE_RECURSION = YES;
				CLANG_WARN_INT_CONVERSION = YES;
				CLANG_WARN_NON_LITERAL_NULL_CONVERSION = YES;
				CLANG_WARN_OBJC_IMPLICIT_RETAIN_SELF = YES;
				CLANG_WARN_OBJC_LITERAL_CONVERSION = YES;
				CLANG_WARN_OBJC_ROOT_CLASS = YES_ERROR;
				CLANG_WARN_QUOTED_INCLUDE_IN_FRAMEWORK_HEADER = YES;
				CLANG_WARN_RANGE_LOOP_ANALYSIS = YES;
				CLANG_WARN_STRICT_PROTOTYPES = YES;
				CLANG_WARN_SUSPICIOUS_MOVE = YES;
				CLANG_WARN_UNGUARDED_AVAILABILITY = YES_AGGRESSIVE;
				CLANG_WARN_UNREACHABLE_CODE = YES;
				CLANG_WARN__DUPLICATE_METHOD_MATCH = YES;
				COPY_PHASE_STRIP = NO;
				DEBUG_INFORMATION_FORMAT = dwarf;
				ENABLE_STRICT_OBJC_MSGSEND = YES;
				ENABLE_TESTABILITY = YES;
				GCC_C_LANGUAGE_STANDARD = gnu11;
				GCC_DYNAMIC_NO_PIC = NO;
				GCC_NO_COMMON_BLOCKS = YES;
				GCC_OPTIMIZATION_LEVEL = 0;
				GCC_PREPROCESSOR_DEFINITIONS = (
					"DEBUG=1",
					"$(inherited)",
				);
				GCC_WARN_64_TO_32_BIT_CONVERSION = YES;
				GCC_WARN_ABOUT_RETURN_TYPE = YES_ERROR;
				GCC_WARN_UNDECLARED_SELECTOR = YES;
				GCC_WARN_UNINITIALIZED_AUTOS = YES_AGGRESSIVE;
				GCC_WARN_UNUSED_FUNCTION = YES;
				GCC_WARN_UNUSED_VARIABLE = YES;
				IPHONEOS_DEPLOYMENT_TARGET = 16.1;
				MTL_ENABLE_DEBUG_INFO = INCLUDE_SOURCE;
				MTL_FAST_MATH = YES;
				ONLY_ACTIVE_ARCH = YES;
				SDKROOT = iphoneos;
				SWIFT_ACTIVE_COMPILATION_CONDITIONS = DEBUG;
				SWIFT_OPTIMIZATION_LEVEL = "-Onone";
			};
			name = Debug;
		};
		84F8C36229360E4B00AAE13F /* Release */ = {
			isa = XCBuildConfiguration;
			buildSettings = {
				ALWAYS_SEARCH_USER_PATHS = NO;
				CLANG_ANALYZER_NONNULL = YES;
				CLANG_ANALYZER_NUMBER_OBJECT_CONVERSION = YES_AGGRESSIVE;
				CLANG_CXX_LANGUAGE_STANDARD = "gnu++20";
				CLANG_ENABLE_MODULES = YES;
				CLANG_ENABLE_OBJC_ARC = YES;
				CLANG_ENABLE_OBJC_WEAK = YES;
				CLANG_WARN_BLOCK_CAPTURE_AUTORELEASING = YES;
				CLANG_WARN_BOOL_CONVERSION = YES;
				CLANG_WARN_COMMA = YES;
				CLANG_WARN_CONSTANT_CONVERSION = YES;
				CLANG_WARN_DEPRECATED_OBJC_IMPLEMENTATIONS = YES;
				CLANG_WARN_DIRECT_OBJC_ISA_USAGE = YES_ERROR;
				CLANG_WARN_DOCUMENTATION_COMMENTS = YES;
				CLANG_WARN_EMPTY_BODY = YES;
				CLANG_WARN_ENUM_CONVERSION = YES;
				CLANG_WARN_INFINITE_RECURSION = YES;
				CLANG_WARN_INT_CONVERSION = YES;
				CLANG_WARN_NON_LITERAL_NULL_CONVERSION = YES;
				CLANG_WARN_OBJC_IMPLICIT_RETAIN_SELF = YES;
				CLANG_WARN_OBJC_LITERAL_CONVERSION = YES;
				CLANG_WARN_OBJC_ROOT_CLASS = YES_ERROR;
				CLANG_WARN_QUOTED_INCLUDE_IN_FRAMEWORK_HEADER = YES;
				CLANG_WARN_RANGE_LOOP_ANALYSIS = YES;
				CLANG_WARN_STRICT_PROTOTYPES = YES;
				CLANG_WARN_SUSPICIOUS_MOVE = YES;
				CLANG_WARN_UNGUARDED_AVAILABILITY = YES_AGGRESSIVE;
				CLANG_WARN_UNREACHABLE_CODE = YES;
				CLANG_WARN__DUPLICATE_METHOD_MATCH = YES;
				COPY_PHASE_STRIP = NO;
				DEBUG_INFORMATION_FORMAT = "dwarf-with-dsym";
				ENABLE_NS_ASSERTIONS = NO;
				ENABLE_STRICT_OBJC_MSGSEND = YES;
				GCC_C_LANGUAGE_STANDARD = gnu11;
				GCC_NO_COMMON_BLOCKS = YES;
				GCC_WARN_64_TO_32_BIT_CONVERSION = YES;
				GCC_WARN_ABOUT_RETURN_TYPE = YES_ERROR;
				GCC_WARN_UNDECLARED_SELECTOR = YES;
				GCC_WARN_UNINITIALIZED_AUTOS = YES_AGGRESSIVE;
				GCC_WARN_UNUSED_FUNCTION = YES;
				GCC_WARN_UNUSED_VARIABLE = YES;
				IPHONEOS_DEPLOYMENT_TARGET = 16.1;
				MTL_ENABLE_DEBUG_INFO = NO;
				MTL_FAST_MATH = YES;
				SDKROOT = iphoneos;
				SWIFT_COMPILATION_MODE = wholemodule;
				SWIFT_OPTIMIZATION_LEVEL = "-O";
				VALIDATE_PRODUCT = YES;
			};
			name = Release;
		};
		84F8C36429360E4B00AAE13F /* Debug */ = {
			isa = XCBuildConfiguration;
			buildSettings = {
				ASSETCATALOG_COMPILER_APPICON_NAME = AppIcon;
				ASSETCATALOG_COMPILER_GLOBAL_ACCENT_COLOR_NAME = AccentColor;
				CODE_SIGN_STYLE = Automatic;
				CURRENT_PROJECT_VERSION = 1;
				DEVELOPMENT_TEAM = 2D8LVDKBG6;
				GENERATE_INFOPLIST_FILE = YES;
				INFOPLIST_FILE = GrappleSpace/Info.plist;
				INFOPLIST_KEY_UIApplicationSupportsIndirectInputEvents = YES;
				INFOPLIST_KEY_UILaunchStoryboardName = LaunchScreen;
				INFOPLIST_KEY_UISupportedInterfaceOrientations_iPad = "UIInterfaceOrientationPortrait UIInterfaceOrientationPortraitUpsideDown UIInterfaceOrientationLandscapeLeft UIInterfaceOrientationLandscapeRight";
				INFOPLIST_KEY_UISupportedInterfaceOrientations_iPhone = "UIInterfaceOrientationPortrait UIInterfaceOrientationLandscapeLeft UIInterfaceOrientationLandscapeRight";
				LD_RUNPATH_SEARCH_PATHS = (
					"$(inherited)",
					"@executable_path/Frameworks",
				);
				MARKETING_VERSION = 1.0;
				PRODUCT_BUNDLE_IDENTIFIER = com.sgbc.GrappleSpace;
				PRODUCT_NAME = "$(TARGET_NAME)";
				SWIFT_EMIT_LOC_STRINGS = YES;
				SWIFT_VERSION = 5.0;
				TARGETED_DEVICE_FAMILY = "1,2";
			};
			name = Debug;
		};
		84F8C36529360E4B00AAE13F /* Release */ = {
			isa = XCBuildConfiguration;
			buildSettings = {
				ASSETCATALOG_COMPILER_APPICON_NAME = AppIcon;
				ASSETCATALOG_COMPILER_GLOBAL_ACCENT_COLOR_NAME = AccentColor;
				CODE_SIGN_STYLE = Automatic;
				CURRENT_PROJECT_VERSION = 1;
				DEVELOPMENT_TEAM = 2D8LVDKBG6;
				GENERATE_INFOPLIST_FILE = YES;
				INFOPLIST_FILE = GrappleSpace/Info.plist;
				INFOPLIST_KEY_UIApplicationSupportsIndirectInputEvents = YES;
				INFOPLIST_KEY_UILaunchStoryboardName = LaunchScreen;
				INFOPLIST_KEY_UISupportedInterfaceOrientations_iPad = "UIInterfaceOrientationPortrait UIInterfaceOrientationPortraitUpsideDown UIInterfaceOrientationLandscapeLeft UIInterfaceOrientationLandscapeRight";
				INFOPLIST_KEY_UISupportedInterfaceOrientations_iPhone = "UIInterfaceOrientationPortrait UIInterfaceOrientationLandscapeLeft UIInterfaceOrientationLandscapeRight";
				LD_RUNPATH_SEARCH_PATHS = (
					"$(inherited)",
					"@executable_path/Frameworks",
				);
				MARKETING_VERSION = 1.0;
				PRODUCT_BUNDLE_IDENTIFIER = com.sgbc.GrappleSpace;
				PRODUCT_NAME = "$(TARGET_NAME)";
				SWIFT_EMIT_LOC_STRINGS = YES;
				SWIFT_VERSION = 5.0;
				TARGETED_DEVICE_FAMILY = "1,2";
			};
			name = Release;
		};
/* End XCBuildConfiguration section */

/* Begin XCConfigurationList section */
		84F8C34729360E4900AAE13F /* Build configuration list for PBXProject "GrappleSpace" */ = {
			isa = XCConfigurationList;
			buildConfigurations = (
				84F8C36129360E4B00AAE13F /* Debug */,
				84F8C36229360E4B00AAE13F /* Release */,
			);
			defaultConfigurationIsVisible = 0;
			defaultConfigurationName = Release;
		};
		84F8C36329360E4B00AAE13F /* Build configuration list for PBXNativeTarget "GrappleSpace" */ = {
			isa = XCConfigurationList;
			buildConfigurations = (
				84F8C36429360E4B00AAE13F /* Debug */,
				84F8C36529360E4B00AAE13F /* Release */,
			);
			defaultConfigurationIsVisible = 0;
			defaultConfigurationName = Release;
		};
/* End XCConfigurationList section */

/* Begin XCVersionGroup section */
		84F8C35829360E4A00AAE13F /* GrappleSpace.xcdatamodeld */ = {
			isa = XCVersionGroup;
			children = (
				84F8C35929360E4A00AAE13F /* GrappleSpace.xcdatamodel */,
			);
			currentVersion = 84F8C35929360E4A00AAE13F /* GrappleSpace.xcdatamodel */;
			path = GrappleSpace.xcdatamodeld;
			sourceTree = "<group>";
			versionGroupType = wrapper.xcdatamodel;
		};
/* End XCVersionGroup section */
	};
	rootObject = 84F8C34429360E4900AAE13F /* Project object */;
}
